
Microsoft Visual Studio Solution File, Format Version 12.00
# Visual Studio Version 16
VisualStudioVersion = 16.0.31702.278
MinimumVisualStudioVersion = 10.0.40219.1
Project("{8BC9CEB8-8B4A-11D0-8D11-00A0C91BC942}") = "ex3", "ex3\ex3.vcxproj", "{5D3C36B3-304A-49BB-B96D-BB5673A6BD6F}"
EndProject
Global
	GlobalSection(SolutionConfigurationPlatforms) = preSolution
		Debug|x64 = Debug|x64
		Debug|x86 = Debug|x86
		Release|x64 = Release|x64
		Release|x86 = Release|x86
	EndGlobalSection
	GlobalSection(ProjectConfigurationPlatforms) = postSolution
		{5D3C36B3-304A-49BB-B96D-BB5673A6BD6F}.Debug|x64.ActiveCfg = Debug|x64
		{5D3C36B3-304A-49BB-B96D-BB5673A6BD6F}.Debug|x64.Build.0 = Debug|x64
		{5D3C36B3-304A-49BB-B96D-BB5673A6BD6F}.Debug|x86.ActiveCfg = Debug|Win32
		{5D3C36B3-304A-49BB-B96D-BB5673A6BD6F}.Debug|x86.Build.0 = Debug|Win32
		{5D3C36B3-304A-49BB-B96D-BB5673A6BD6F}.Release|x64.ActiveCfg = Release|x64
		{5D3C36B3-304A-49BB-B96D-BB5673A6BD6F}.Release|x64.Build.0 = Release|x64
		{5D3C36B3-304A-49BB-B96D-BB5673A6BD6F}.Release|x86.ActiveCfg = Release|Win32
		{5D3C36B3-304A-49BB-B96D-BB5673A6BD6F}.Release|x86.Build.0 = Release|Win32
	EndGlobalSection
	GlobalSection(SolutionProperties) = preSolution
		HideSolutionNode = FALSE
	EndGlobalSection
	GlobalSection(ExtensibilityGlobals) = postSolution
		SolutionGuid = {54E4E07B-3F78-429A-9A49-66472F1DE575}
	EndGlobalSection
EndGlobal
