
Microsoft Visual Studio Solution File, Format Version 12.00
# Visual Studio Version 17
VisualStudioVersion = 17.4.33213.308
MinimumVisualStudioVersion = 10.0.40219.1
Project("{8BC9CEB8-8B4A-11D0-8D11-00A0C91BC942}") = "Ehab Fails to Be Thanos", "Ehab Fails to Be Thanos\Ehab Fails to Be Thanos.vcxproj", "{9FB3EE09-95DC-4039-B291-F2A28C76D4DE}"
EndProject
Global
	GlobalSection(SolutionConfigurationPlatforms) = preSolution
		Debug|x64 = Debug|x64
		Debug|x86 = Debug|x86
		Release|x64 = Release|x64
		Release|x86 = Release|x86
	EndGlobalSection
	GlobalSection(ProjectConfigurationPlatforms) = postSolution
		{9FB3EE09-95DC-4039-B291-F2A28C76D4DE}.Debug|x64.ActiveCfg = Debug|x64
		{9FB3EE09-95DC-4039-B291-F2A28C76D4DE}.Debug|x64.Build.0 = Debug|x64
		{9FB3EE09-95DC-4039-B291-F2A28C76D4DE}.Debug|x86.ActiveCfg = Debug|Win32
		{9FB3EE09-95DC-4039-B291-F2A28C76D4DE}.Debug|x86.Build.0 = Debug|Win32
		{9FB3EE09-95DC-4039-B291-F2A28C76D4DE}.Release|x64.ActiveCfg = Release|x64
		{9FB3EE09-95DC-4039-B291-F2A28C76D4DE}.Release|x64.Build.0 = Release|x64
		{9FB3EE09-95DC-4039-B291-F2A28C76D4DE}.Release|x86.ActiveCfg = Release|Win32
		{9FB3EE09-95DC-4039-B291-F2A28C76D4DE}.Release|x86.Build.0 = Release|Win32
	EndGlobalSection
	GlobalSection(SolutionProperties) = preSolution
		HideSolutionNode = FALSE
	EndGlobalSection
	GlobalSection(ExtensibilityGlobals) = postSolution
		SolutionGuid = {20371D19-38DA-4F0F-B44C-D77761AD3331}
	EndGlobalSection
EndGlobal
