
Microsoft Visual Studio Solution File, Format Version 12.00
# Visual Studio Version 17
VisualStudioVersion = 17.4.33213.308
MinimumVisualStudioVersion = 10.0.40219.1
Project("{8BC9CEB8-8B4A-11D0-8D11-00A0C91BC942}") = "Four Digits", "Four Digits\Four Digits.vcxproj", "{9751C0E8-DB94-42B0-A919-F485D8EEBBBD}"
EndProject
Global
	GlobalSection(SolutionConfigurationPlatforms) = preSolution
		Debug|x64 = Debug|x64
		Debug|x86 = Debug|x86
		Release|x64 = Release|x64
		Release|x86 = Release|x86
	EndGlobalSection
	GlobalSection(ProjectConfigurationPlatforms) = postSolution
		{9751C0E8-DB94-42B0-A919-F485D8EEBBBD}.Debug|x64.ActiveCfg = Debug|x64
		{9751C0E8-DB94-42B0-A919-F485D8EEBBBD}.Debug|x64.Build.0 = Debug|x64
		{9751C0E8-DB94-42B0-A919-F485D8EEBBBD}.Debug|x86.ActiveCfg = Debug|Win32
		{9751C0E8-DB94-42B0-A919-F485D8EEBBBD}.Debug|x86.Build.0 = Debug|Win32
		{9751C0E8-DB94-42B0-A919-F485D8EEBBBD}.Release|x64.ActiveCfg = Release|x64
		{9751C0E8-DB94-42B0-A919-F485D8EEBBBD}.Release|x64.Build.0 = Release|x64
		{9751C0E8-DB94-42B0-A919-F485D8EEBBBD}.Release|x86.ActiveCfg = Release|Win32
		{9751C0E8-DB94-42B0-A919-F485D8EEBBBD}.Release|x86.Build.0 = Release|Win32
	EndGlobalSection
	GlobalSection(SolutionProperties) = preSolution
		HideSolutionNode = FALSE
	EndGlobalSection
	GlobalSection(ExtensibilityGlobals) = postSolution
		SolutionGuid = {65481640-3E18-4B72-8A16-674FF4EABF7B}
	EndGlobalSection
EndGlobal
