
Microsoft Visual Studio Solution File, Format Version 12.00
# Visual Studio Version 16
VisualStudioVersion = 16.0.31702.278
MinimumVisualStudioVersion = 10.0.40219.1
Project("{8BC9CEB8-8B4A-11D0-8D11-00A0C91BC942}") = "Project6", "Project6\Project6.vcxproj", "{CA94C309-CF8B-4148-9BF1-3EAC4D0686DB}"
EndProject
Global
	GlobalSection(SolutionConfigurationPlatforms) = preSolution
		Debug|x64 = Debug|x64
		Debug|x86 = Debug|x86
		Release|x64 = Release|x64
		Release|x86 = Release|x86
	EndGlobalSection
	GlobalSection(ProjectConfigurationPlatforms) = postSolution
		{CA94C309-CF8B-4148-9BF1-3EAC4D0686DB}.Debug|x64.ActiveCfg = Debug|x64
		{CA94C309-CF8B-4148-9BF1-3EAC4D0686DB}.Debug|x64.Build.0 = Debug|x64
		{CA94C309-CF8B-4148-9BF1-3EAC4D0686DB}.Debug|x86.ActiveCfg = Debug|Win32
		{CA94C309-CF8B-4148-9BF1-3EAC4D0686DB}.Debug|x86.Build.0 = Debug|Win32
		{CA94C309-CF8B-4148-9BF1-3EAC4D0686DB}.Release|x64.ActiveCfg = Release|x64
		{CA94C309-CF8B-4148-9BF1-3EAC4D0686DB}.Release|x64.Build.0 = Release|x64
		{CA94C309-CF8B-4148-9BF1-3EAC4D0686DB}.Release|x86.ActiveCfg = Release|Win32
		{CA94C309-CF8B-4148-9BF1-3EAC4D0686DB}.Release|x86.Build.0 = Release|Win32
	EndGlobalSection
	GlobalSection(SolutionProperties) = preSolution
		HideSolutionNode = FALSE
	EndGlobalSection
	GlobalSection(ExtensibilityGlobals) = postSolution
		SolutionGuid = {EAAFC0A9-5AFA-475B-8E41-EE67C0AA0FE1}
	EndGlobalSection
EndGlobal
