
Microsoft Visual Studio Solution File, Format Version 12.00
# Visual Studio Version 17
VisualStudioVersion = 17.4.33213.308
MinimumVisualStudioVersion = 10.0.40219.1
Project("{8BC9CEB8-8B4A-11D0-8D11-00A0C91BC942}") = "Count characters", "Count characters\Count characters.vcxproj", "{09825360-FF70-46E6-9090-AAA76F12FEFD}"
EndProject
Global
	GlobalSection(SolutionConfigurationPlatforms) = preSolution
		Debug|x64 = Debug|x64
		Debug|x86 = Debug|x86
		Release|x64 = Release|x64
		Release|x86 = Release|x86
	EndGlobalSection
	GlobalSection(ProjectConfigurationPlatforms) = postSolution
		{09825360-FF70-46E6-9090-AAA76F12FEFD}.Debug|x64.ActiveCfg = Debug|x64
		{09825360-FF70-46E6-9090-AAA76F12FEFD}.Debug|x64.Build.0 = Debug|x64
		{09825360-FF70-46E6-9090-AAA76F12FEFD}.Debug|x86.ActiveCfg = Debug|Win32
		{09825360-FF70-46E6-9090-AAA76F12FEFD}.Debug|x86.Build.0 = Debug|Win32
		{09825360-FF70-46E6-9090-AAA76F12FEFD}.Release|x64.ActiveCfg = Release|x64
		{09825360-FF70-46E6-9090-AAA76F12FEFD}.Release|x64.Build.0 = Release|x64
		{09825360-FF70-46E6-9090-AAA76F12FEFD}.Release|x86.ActiveCfg = Release|Win32
		{09825360-FF70-46E6-9090-AAA76F12FEFD}.Release|x86.Build.0 = Release|Win32
	EndGlobalSection
	GlobalSection(SolutionProperties) = preSolution
		HideSolutionNode = FALSE
	EndGlobalSection
	GlobalSection(ExtensibilityGlobals) = postSolution
		SolutionGuid = {8FB99710-95BA-4DEB-9941-04312813091D}
	EndGlobalSection
EndGlobal
