
Microsoft Visual Studio Solution File, Format Version 12.00
# Visual Studio Version 17
VisualStudioVersion = 17.4.33213.308
MinimumVisualStudioVersion = 10.0.40219.1
Project("{8BC9CEB8-8B4A-11D0-8D11-00A0C91BC942}") = "Range sum query", "Range sum query\Range sum query.vcxproj", "{33C04F32-1388-4710-BA91-6C4A5B2D08E0}"
EndProject
Global
	GlobalSection(SolutionConfigurationPlatforms) = preSolution
		Debug|x64 = Debug|x64
		Debug|x86 = Debug|x86
		Release|x64 = Release|x64
		Release|x86 = Release|x86
	EndGlobalSection
	GlobalSection(ProjectConfigurationPlatforms) = postSolution
		{33C04F32-1388-4710-BA91-6C4A5B2D08E0}.Debug|x64.ActiveCfg = Debug|x64
		{33C04F32-1388-4710-BA91-6C4A5B2D08E0}.Debug|x64.Build.0 = Debug|x64
		{33C04F32-1388-4710-BA91-6C4A5B2D08E0}.Debug|x86.ActiveCfg = Debug|Win32
		{33C04F32-1388-4710-BA91-6C4A5B2D08E0}.Debug|x86.Build.0 = Debug|Win32
		{33C04F32-1388-4710-BA91-6C4A5B2D08E0}.Release|x64.ActiveCfg = Release|x64
		{33C04F32-1388-4710-BA91-6C4A5B2D08E0}.Release|x64.Build.0 = Release|x64
		{33C04F32-1388-4710-BA91-6C4A5B2D08E0}.Release|x86.ActiveCfg = Release|Win32
		{33C04F32-1388-4710-BA91-6C4A5B2D08E0}.Release|x86.Build.0 = Release|Win32
	EndGlobalSection
	GlobalSection(SolutionProperties) = preSolution
		HideSolutionNode = FALSE
	EndGlobalSection
	GlobalSection(ExtensibilityGlobals) = postSolution
		SolutionGuid = {A204EFEC-1EDE-4D83-9E2A-AD01B35FCF24}
	EndGlobalSection
EndGlobal
