
Microsoft Visual Studio Solution File, Format Version 12.00
# Visual Studio Version 16
VisualStudioVersion = 16.0.31702.278
MinimumVisualStudioVersion = 10.0.40219.1
Project("{8BC9CEB8-8B4A-11D0-8D11-00A0C91BC942}") = "Searching", "Searching\Searching.vcxproj", "{D73161AF-0B04-42E3-9E1F-7C3AEA7F9D4E}"
EndProject
Global
	GlobalSection(SolutionConfigurationPlatforms) = preSolution
		Debug|x64 = Debug|x64
		Debug|x86 = Debug|x86
		Release|x64 = Release|x64
		Release|x86 = Release|x86
	EndGlobalSection
	GlobalSection(ProjectConfigurationPlatforms) = postSolution
		{D73161AF-0B04-42E3-9E1F-7C3AEA7F9D4E}.Debug|x64.ActiveCfg = Debug|x64
		{D73161AF-0B04-42E3-9E1F-7C3AEA7F9D4E}.Debug|x64.Build.0 = Debug|x64
		{D73161AF-0B04-42E3-9E1F-7C3AEA7F9D4E}.Debug|x86.ActiveCfg = Debug|Win32
		{D73161AF-0B04-42E3-9E1F-7C3AEA7F9D4E}.Debug|x86.Build.0 = Debug|Win32
		{D73161AF-0B04-42E3-9E1F-7C3AEA7F9D4E}.Release|x64.ActiveCfg = Release|x64
		{D73161AF-0B04-42E3-9E1F-7C3AEA7F9D4E}.Release|x64.Build.0 = Release|x64
		{D73161AF-0B04-42E3-9E1F-7C3AEA7F9D4E}.Release|x86.ActiveCfg = Release|Win32
		{D73161AF-0B04-42E3-9E1F-7C3AEA7F9D4E}.Release|x86.Build.0 = Release|Win32
	EndGlobalSection
	GlobalSection(SolutionProperties) = preSolution
		HideSolutionNode = FALSE
	EndGlobalSection
	GlobalSection(ExtensibilityGlobals) = postSolution
		SolutionGuid = {3EB40242-FF50-43A5-861D-E4FDC6CE0FF2}
	EndGlobalSection
EndGlobal
